
Microsoft Visual Studio Solution File, Format Version 12.00
# Visual Studio Version 17
VisualStudioVersion = 17.14.36414.22
MinimumVisualStudioVersion = 10.0.40219.1
Project("{FAE04EC0-301F-11D3-BF4B-00C04F79EFBC}") = "SessionApi", "SessionApi\SessionApi.csproj", "{1F791EAA-E396-596E-05E7-E12C60753A2B}"
EndProject
Project("{FAE04EC0-301F-11D3-BF4B-00C04F79EFBC}") = "SessionApi.Tests", "SessionApi.Tests\SessionApi.Tests.csproj", "{7607F9DD-5F6E-37C5-6DC6-F0F1633F9D7A}"
EndProject
Global
	GlobalSection(SolutionConfigurationPlatforms) = preSolution
		Debug|Any CPU = Debug|Any CPU
		Release|Any CPU = Release|Any CPU
	EndGlobalSection
	GlobalSection(ProjectConfigurationPlatforms) = postSolution
		{1F791EAA-E396-596E-05E7-E12C60753A2B}.Debug|Any CPU.ActiveCfg = Debug|Any CPU
		{1F791EAA-E396-596E-05E7-E12C60753A2B}.Debug|Any CPU.Build.0 = Debug|Any CPU
		{1F791EAA-E396-596E-05E7-E12C60753A2B}.Release|Any CPU.ActiveCfg = Release|Any CPU
		{1F791EAA-E396-596E-05E7-E12C60753A2B}.Release|Any CPU.Build.0 = Release|Any CPU
		{7607F9DD-5F6E-37C5-6DC6-F0F1633F9D7A}.Debug|Any CPU.ActiveCfg = Debug|Any CPU
		{7607F9DD-5F6E-37C5-6DC6-F0F1633F9D7A}.Debug|Any CPU.Build.0 = Debug|Any CPU
		{7607F9DD-5F6E-37C5-6DC6-F0F1633F9D7A}.Release|Any CPU.ActiveCfg = Release|Any CPU
		{7607F9DD-5F6E-37C5-6DC6-F0F1633F9D7A}.Release|Any CPU.Build.0 = Release|Any CPU
	EndGlobalSection
	GlobalSection(SolutionProperties) = preSolution
		HideSolutionNode = FALSE
	EndGlobalSection
	GlobalSection(ExtensibilityGlobals) = postSolution
		SolutionGuid = {731D0330-8DA7-4AB6-8851-30CC6F98C666}
	EndGlobalSection
EndGlobal
