
Microsoft Visual Studio Solution File, Format Version 12.00
# Visual Studio Version 17
VisualStudioVersion = 17.14.36414.22 d17.14
MinimumVisualStudioVersion = 10.0.40219.1
Project("{FAE04EC0-301F-11D3-BF4B-00C04F79EFBC}") = "SessionApi", "SessionApi.csproj", "{D27C5D74-0CE2-9094-163A-F1368A8A44DE}"
EndProject
Project("{FAE04EC0-301F-11D3-BF4B-00C04F79EFBC}") = "SessionApi.Tests", "..\SessionApi.Tests\SessionApi.Tests.csproj", "{C414A4FB-619D-45D0-B770-85792289BEB2}"
EndProject
Global
	GlobalSection(SolutionConfigurationPlatforms) = preSolution
		Debug|Any CPU = Debug|Any CPU
		Release|Any CPU = Release|Any CPU
	EndGlobalSection
	GlobalSection(ProjectConfigurationPlatforms) = postSolution
		{D27C5D74-0CE2-9094-163A-F1368A8A44DE}.Debug|Any CPU.ActiveCfg = Debug|Any CPU
		{D27C5D74-0CE2-9094-163A-F1368A8A44DE}.Debug|Any CPU.Build.0 = Debug|Any CPU
		{D27C5D74-0CE2-9094-163A-F1368A8A44DE}.Release|Any CPU.ActiveCfg = Release|Any CPU
		{D27C5D74-0CE2-9094-163A-F1368A8A44DE}.Release|Any CPU.Build.0 = Release|Any CPU
		{C414A4FB-619D-45D0-B770-85792289BEB2}.Debug|Any CPU.ActiveCfg = Debug|Any CPU
		{C414A4FB-619D-45D0-B770-85792289BEB2}.Debug|Any CPU.Build.0 = Debug|Any CPU
		{C414A4FB-619D-45D0-B770-85792289BEB2}.Release|Any CPU.ActiveCfg = Release|Any CPU
		{C414A4FB-619D-45D0-B770-85792289BEB2}.Release|Any CPU.Build.0 = Release|Any CPU
	EndGlobalSection
	GlobalSection(SolutionProperties) = preSolution
		HideSolutionNode = FALSE
	EndGlobalSection
	GlobalSection(ExtensibilityGlobals) = postSolution
		SolutionGuid = {FC0D6BE8-B768-416B-AC67-367FEC4B36BC}
	EndGlobalSection
EndGlobal
